
Microsoft Visual Studio Solution File, Format Version 12.00
# Visual Studio Version 16
VisualStudioVersion = 16.0.31019.35
MinimumVisualStudioVersion = 10.0.40219.1
Project("{FAE04EC0-301F-11D3-BF4B-00C04F79EFBC}") = "UC4_DailyWageUsingSwitch", "UC4_DailyWageUsingSwitch\UC4_DailyWageUsingSwitch.csproj", "{C385F6B4-EE18-403A-BD70-D759EC1A5F3C}"
EndProject
Global
	GlobalSection(SolutionConfigurationPlatforms) = preSolution
		Debug|Any CPU = Debug|Any CPU
		Release|Any CPU = Release|Any CPU
	EndGlobalSection
	GlobalSection(ProjectConfigurationPlatforms) = postSolution
		{C385F6B4-EE18-403A-BD70-D759EC1A5F3C}.Debug|Any CPU.ActiveCfg = Debug|Any CPU
		{C385F6B4-EE18-403A-BD70-D759EC1A5F3C}.Debug|Any CPU.Build.0 = Debug|Any CPU
		{C385F6B4-EE18-403A-BD70-D759EC1A5F3C}.Release|Any CPU.ActiveCfg = Release|Any CPU
		{C385F6B4-EE18-403A-BD70-D759EC1A5F3C}.Release|Any CPU.Build.0 = Release|Any CPU
	EndGlobalSection
	GlobalSection(SolutionProperties) = preSolution
		HideSolutionNode = FALSE
	EndGlobalSection
	GlobalSection(ExtensibilityGlobals) = postSolution
		SolutionGuid = {9A79E3CC-14C1-4372-A41C-1B5D0D3FC9EF}
	EndGlobalSection
EndGlobal
