
Microsoft Visual Studio Solution File, Format Version 12.00
# Visual Studio Version 16
VisualStudioVersion = 16.0.31019.35
MinimumVisualStudioVersion = 10.0.40219.1
Project("{FAE04EC0-301F-11D3-BF4B-00C04F79EFBC}") = "UC2_DailyWageOfTheEmployee", "UC2_DailyWageOfTheEmployee\UC2_DailyWageOfTheEmployee.csproj", "{F05B7991-472F-41CE-BC00-976EDCB69B99}"
EndProject
Global
	GlobalSection(SolutionConfigurationPlatforms) = preSolution
		Debug|Any CPU = Debug|Any CPU
		Release|Any CPU = Release|Any CPU
	EndGlobalSection
	GlobalSection(ProjectConfigurationPlatforms) = postSolution
		{F05B7991-472F-41CE-BC00-976EDCB69B99}.Debug|Any CPU.ActiveCfg = Debug|Any CPU
		{F05B7991-472F-41CE-BC00-976EDCB69B99}.Debug|Any CPU.Build.0 = Debug|Any CPU
		{F05B7991-472F-41CE-BC00-976EDCB69B99}.Release|Any CPU.ActiveCfg = Release|Any CPU
		{F05B7991-472F-41CE-BC00-976EDCB69B99}.Release|Any CPU.Build.0 = Release|Any CPU
	EndGlobalSection
	GlobalSection(SolutionProperties) = preSolution
		HideSolutionNode = FALSE
	EndGlobalSection
	GlobalSection(ExtensibilityGlobals) = postSolution
		SolutionGuid = {F8621A13-01B8-43B6-B788-DC6A69EA300F}
	EndGlobalSection
EndGlobal
